
Microsoft Visual Studio Solution File, Format Version 12.00
# Visual Studio Version 17
VisualStudioVersion = 17.8.34330.188
MinimumVisualStudioVersion = 10.0.40219.1
Project("{FAE04EC0-301F-11D3-BF4B-00C04F79EFBC}") = "MicrosoftLearn-SomaNotas", "MicrosoftLearn-SomaNotas.csproj", "{EC318B72-89E3-4CF3-B7EF-5B3AC8D9317C}"
EndProject
Global
	GlobalSection(SolutionConfigurationPlatforms) = preSolution
		Debug|Any CPU = Debug|Any CPU
		Release|Any CPU = Release|Any CPU
	EndGlobalSection
	GlobalSection(ProjectConfigurationPlatforms) = postSolution
		{EC318B72-89E3-4CF3-B7EF-5B3AC8D9317C}.Debug|Any CPU.ActiveCfg = Debug|Any CPU
		{EC318B72-89E3-4CF3-B7EF-5B3AC8D9317C}.Debug|Any CPU.Build.0 = Debug|Any CPU
		{EC318B72-89E3-4CF3-B7EF-5B3AC8D9317C}.Release|Any CPU.ActiveCfg = Release|Any CPU
		{EC318B72-89E3-4CF3-B7EF-5B3AC8D9317C}.Release|Any CPU.Build.0 = Release|Any CPU
	EndGlobalSection
	GlobalSection(SolutionProperties) = preSolution
		HideSolutionNode = FALSE
	EndGlobalSection
	GlobalSection(ExtensibilityGlobals) = postSolution
		SolutionGuid = {963526FC-3EA5-4BF2-BC7C-9056D2350C6A}
	EndGlobalSection
EndGlobal
